
Microsoft Visual Studio Solution File, Format Version 12.00
# Visual Studio Version 17
VisualStudioVersion = 17.5.33414.496
MinimumVisualStudioVersion = 10.0.40219.1
Project("{FAE04EC0-301F-11D3-BF4B-00C04F79EFBC}") = "SensitivityConverter", "SensitivityConverter\SensitivityConverter.csproj", "{31ED013F-7B8C-4CF5-A2FC-155B9C9A055C}"
EndProject
Global
	GlobalSection(SolutionConfigurationPlatforms) = preSolution
		Debug|Any CPU = Debug|Any CPU
		Release|Any CPU = Release|Any CPU
	EndGlobalSection
	GlobalSection(ProjectConfigurationPlatforms) = postSolution
		{31ED013F-7B8C-4CF5-A2FC-155B9C9A055C}.Debug|Any CPU.ActiveCfg = Debug|Any CPU
		{31ED013F-7B8C-4CF5-A2FC-155B9C9A055C}.Debug|Any CPU.Build.0 = Debug|Any CPU
		{31ED013F-7B8C-4CF5-A2FC-155B9C9A055C}.Release|Any CPU.ActiveCfg = Release|Any CPU
		{31ED013F-7B8C-4CF5-A2FC-155B9C9A055C}.Release|Any CPU.Build.0 = Release|Any CPU
	EndGlobalSection
	GlobalSection(SolutionProperties) = preSolution
		HideSolutionNode = FALSE
	EndGlobalSection
	GlobalSection(ExtensibilityGlobals) = postSolution
		SolutionGuid = {6FAE916B-8891-4A8E-9892-0ABE6E64C7E8}
	EndGlobalSection
EndGlobal
